
Microsoft Visual Studio Solution File, Format Version 12.00
# Visual Studio Version 17
VisualStudioVersion = 17.0.31903.59
MinimumVisualStudioVersion = 10.0.40219.1
Project("{9A19103F-16F7-4668-BE54-9A1E7A4F7556}") = "Day01", "Day01\Day01.csproj", "{8AA59FB5-B4EB-4E3B-9C23-86FD851B5679}"
EndProject
Project("{9A19103F-16F7-4668-BE54-9A1E7A4F7556}") = "Day02", "Day02\Day02.csproj", "{E4DB53D2-70A5-43F4-9481-D80ED7CFCCEA}"
EndProject
Project("{9A19103F-16F7-4668-BE54-9A1E7A4F7556}") = "Day03", "Day03\Day03.csproj", "{907DF673-ED1E-45CA-96EF-BC911AB59994}"
EndProject
Project("{9A19103F-16F7-4668-BE54-9A1E7A4F7556}") = "Day04", "Day04\Day04.csproj", "{4F8D3118-715E-4ED3-83D6-38566EDA01AA}"
EndProject
Project("{9A19103F-16F7-4668-BE54-9A1E7A4F7556}") = "Day05", "Day05\Day05.csproj", "{316D0F4A-4F56-4A2D-9CE1-936B9F3E049F}"
EndProject
Project("{9A19103F-16F7-4668-BE54-9A1E7A4F7556}") = "Day06", "Day06\Day06.csproj", "{045F1638-3F8B-4FCE-B62F-69C598B46D20}"
EndProject
Project("{9A19103F-16F7-4668-BE54-9A1E7A4F7556}") = "Day07", "Day07\Day07.csproj", "{DB69EFDA-4BD2-496D-B676-2BF6D24E34FF}"
EndProject
Project("{9A19103F-16F7-4668-BE54-9A1E7A4F7556}") = "Day08", "Day08\Day08.csproj", "{017EA455-16A8-4D52-A7C1-980A35EE6E6E}"
EndProject
Project("{9A19103F-16F7-4668-BE54-9A1E7A4F7556}") = "Day09", "Day09\Day09.csproj", "{8F7B8091-F554-4B86-96E5-4E9B26FBFB95}"
EndProject
Project("{9A19103F-16F7-4668-BE54-9A1E7A4F7556}") = "Day10", "Day10\Day10.csproj", "{9DC3B467-89C3-472B-B6F6-B6BF45A47655}"
EndProject
Project("{9A19103F-16F7-4668-BE54-9A1E7A4F7556}") = "Day11", "Day11\Day11.csproj", "{0AF01C06-C667-4644-B917-A90C49A469E5}"
EndProject
Project("{9A19103F-16F7-4668-BE54-9A1E7A4F7556}") = "Day12", "Day12\Day12.csproj", "{8434367C-446A-4449-BFF7-E7198F2E1FA2}"
EndProject
Project("{9A19103F-16F7-4668-BE54-9A1E7A4F7556}") = "Day13", "Day13\Day13.csproj", "{7CFC3C44-BDEE-498B-B820-C70BAF8F090C}"
EndProject
Project("{9A19103F-16F7-4668-BE54-9A1E7A4F7556}") = "Day14", "Day14\Day14.csproj", "{5313D36E-004F-4C5F-822D-4E6A3B1D9C6D}"
EndProject
Project("{9A19103F-16F7-4668-BE54-9A1E7A4F7556}") = "Day15", "Day15\Day15.csproj", "{7EAA7A89-87C6-417C-AC94-03DAE9AD24C6}"
EndProject
Project("{9A19103F-16F7-4668-BE54-9A1E7A4F7556}") = "Day16", "Day16\Day16.csproj", "{B3CAACFB-45DE-4ECB-8755-8671496DA959}"
EndProject
Project("{9A19103F-16F7-4668-BE54-9A1E7A4F7556}") = "Day17", "Day17\Day17.csproj", "{3BA0D67F-FA0A-46D0-9611-5F8D3917359E}"
EndProject
Project("{9A19103F-16F7-4668-BE54-9A1E7A4F7556}") = "Day18", "Day18\Day18.csproj", "{CFC208A3-9539-4687-884E-5191F955F40D}"
EndProject
Project("{9A19103F-16F7-4668-BE54-9A1E7A4F7556}") = "Day19", "Day19\Day19.csproj", "{54CA4339-BF1F-449F-8C23-79B919931C33}"
EndProject
Project("{9A19103F-16F7-4668-BE54-9A1E7A4F7556}") = "Day20", "Day20\Day20.csproj", "{E1C48673-B676-4F29-9ABA-1E28F24CC0C3}"
EndProject
Project("{9A19103F-16F7-4668-BE54-9A1E7A4F7556}") = "Day21", "Day21\Day21.csproj", "{3B3CAF45-4BE7-4C36-A5B2-53C78F6E1CBD}"
EndProject
Project("{9A19103F-16F7-4668-BE54-9A1E7A4F7556}") = "Day22", "Day22\Day22.csproj", "{EC84A065-EDFA-41A5-A3A8-3D84E8A07B21}"
EndProject
Project("{9A19103F-16F7-4668-BE54-9A1E7A4F7556}") = "Day23", "Day23\Day23.csproj", "{5767ED2F-1F94-41E8-A433-DA4B81CBF3BE}"
EndProject
Project("{9A19103F-16F7-4668-BE54-9A1E7A4F7556}") = "Day24", "Day24\Day24.csproj", "{3873A1B2-8E24-45E0-A8A1-DE6A9E8E2247}"
EndProject
Project("{9A19103F-16F7-4668-BE54-9A1E7A4F7556}") = "Day25", "Day25\Day25.csproj", "{15350DF8-E374-4F1E-A455-F96AB89493C9}"
EndProject
Project("{9A19103F-16F7-4668-BE54-9A1E7A4F7556}") = "AdventOfCode.Shared", "AdventOfCode.Shared\AdventOfCode.Shared.csproj", "{34357BEA-A073-48BB-80C5-A2279446FDE3}"
EndProject
Project("{2150E333-8FDC-42A3-9474-1A3956D46DE8}") = "Tests", "Tests", "{4E503EC5-0E04-41D5-944D-6C7FED787EDE}"
EndProject
Project("{9A19103F-16F7-4668-BE54-9A1E7A4F7556}") = "Day01.Tests", "Day01.Tests\Day01.Tests.csproj", "{294A5CAD-37FF-4A98-8B21-519954DB6B20}"
EndProject
Project("{9A19103F-16F7-4668-BE54-9A1E7A4F7556}") = "AdventOfCode.Shared.Tests", "AdventOfCode.Shared.Tests\AdventOfCode.Shared.Tests.csproj", "{CBFCD838-4755-4ECD-8DA2-689DE38347D5}"
EndProject
Project("{FAE04EC0-301F-11D3-BF4B-00C04F79EFBC}") = "Day02.Tests", "Day02.Tests\Day02.Tests.csproj", "{8EAFFAC2-B80F-4903-A7E7-2A5E0813CEB2}"
EndProject
Global
	GlobalSection(SolutionConfigurationPlatforms) = preSolution
		Debug|Any CPU = Debug|Any CPU
		Release|Any CPU = Release|Any CPU
	EndGlobalSection
	GlobalSection(ProjectConfigurationPlatforms) = postSolution
		{8AA59FB5-B4EB-4E3B-9C23-86FD851B5679}.Debug|Any CPU.ActiveCfg = Debug|Any CPU
		{8AA59FB5-B4EB-4E3B-9C23-86FD851B5679}.Debug|Any CPU.Build.0 = Debug|Any CPU
		{8AA59FB5-B4EB-4E3B-9C23-86FD851B5679}.Release|Any CPU.ActiveCfg = Release|Any CPU
		{8AA59FB5-B4EB-4E3B-9C23-86FD851B5679}.Release|Any CPU.Build.0 = Release|Any CPU
		{E4DB53D2-70A5-43F4-9481-D80ED7CFCCEA}.Debug|Any CPU.ActiveCfg = Debug|Any CPU
		{E4DB53D2-70A5-43F4-9481-D80ED7CFCCEA}.Debug|Any CPU.Build.0 = Debug|Any CPU
		{E4DB53D2-70A5-43F4-9481-D80ED7CFCCEA}.Release|Any CPU.ActiveCfg = Release|Any CPU
		{E4DB53D2-70A5-43F4-9481-D80ED7CFCCEA}.Release|Any CPU.Build.0 = Release|Any CPU
		{907DF673-ED1E-45CA-96EF-BC911AB59994}.Debug|Any CPU.ActiveCfg = Debug|Any CPU
		{907DF673-ED1E-45CA-96EF-BC911AB59994}.Debug|Any CPU.Build.0 = Debug|Any CPU
		{907DF673-ED1E-45CA-96EF-BC911AB59994}.Release|Any CPU.ActiveCfg = Release|Any CPU
		{907DF673-ED1E-45CA-96EF-BC911AB59994}.Release|Any CPU.Build.0 = Release|Any CPU
		{4F8D3118-715E-4ED3-83D6-38566EDA01AA}.Debug|Any CPU.ActiveCfg = Debug|Any CPU
		{4F8D3118-715E-4ED3-83D6-38566EDA01AA}.Debug|Any CPU.Build.0 = Debug|Any CPU
		{4F8D3118-715E-4ED3-83D6-38566EDA01AA}.Release|Any CPU.ActiveCfg = Release|Any CPU
		{4F8D3118-715E-4ED3-83D6-38566EDA01AA}.Release|Any CPU.Build.0 = Release|Any CPU
		{316D0F4A-4F56-4A2D-9CE1-936B9F3E049F}.Debug|Any CPU.ActiveCfg = Debug|Any CPU
		{316D0F4A-4F56-4A2D-9CE1-936B9F3E049F}.Debug|Any CPU.Build.0 = Debug|Any CPU
		{316D0F4A-4F56-4A2D-9CE1-936B9F3E049F}.Release|Any CPU.ActiveCfg = Release|Any CPU
		{316D0F4A-4F56-4A2D-9CE1-936B9F3E049F}.Release|Any CPU.Build.0 = Release|Any CPU
		{045F1638-3F8B-4FCE-B62F-69C598B46D20}.Debug|Any CPU.ActiveCfg = Debug|Any CPU
		{045F1638-3F8B-4FCE-B62F-69C598B46D20}.Debug|Any CPU.Build.0 = Debug|Any CPU
		{045F1638-3F8B-4FCE-B62F-69C598B46D20}.Release|Any CPU.ActiveCfg = Release|Any CPU
		{045F1638-3F8B-4FCE-B62F-69C598B46D20}.Release|Any CPU.Build.0 = Release|Any CPU
		{DB69EFDA-4BD2-496D-B676-2BF6D24E34FF}.Debug|Any CPU.ActiveCfg = Debug|Any CPU
		{DB69EFDA-4BD2-496D-B676-2BF6D24E34FF}.Debug|Any CPU.Build.0 = Debug|Any CPU
		{DB69EFDA-4BD2-496D-B676-2BF6D24E34FF}.Release|Any CPU.ActiveCfg = Release|Any CPU
		{DB69EFDA-4BD2-496D-B676-2BF6D24E34FF}.Release|Any CPU.Build.0 = Release|Any CPU
		{017EA455-16A8-4D52-A7C1-980A35EE6E6E}.Debug|Any CPU.ActiveCfg = Debug|Any CPU
		{017EA455-16A8-4D52-A7C1-980A35EE6E6E}.Debug|Any CPU.Build.0 = Debug|Any CPU
		{017EA455-16A8-4D52-A7C1-980A35EE6E6E}.Release|Any CPU.ActiveCfg = Release|Any CPU
		{017EA455-16A8-4D52-A7C1-980A35EE6E6E}.Release|Any CPU.Build.0 = Release|Any CPU
		{8F7B8091-F554-4B86-96E5-4E9B26FBFB95}.Debug|Any CPU.ActiveCfg = Debug|Any CPU
		{8F7B8091-F554-4B86-96E5-4E9B26FBFB95}.Debug|Any CPU.Build.0 = Debug|Any CPU
		{8F7B8091-F554-4B86-96E5-4E9B26FBFB95}.Release|Any CPU.ActiveCfg = Release|Any CPU
		{8F7B8091-F554-4B86-96E5-4E9B26FBFB95}.Release|Any CPU.Build.0 = Release|Any CPU
		{9DC3B467-89C3-472B-B6F6-B6BF45A47655}.Debug|Any CPU.ActiveCfg = Debug|Any CPU
		{9DC3B467-89C3-472B-B6F6-B6BF45A47655}.Debug|Any CPU.Build.0 = Debug|Any CPU
		{9DC3B467-89C3-472B-B6F6-B6BF45A47655}.Release|Any CPU.ActiveCfg = Release|Any CPU
		{9DC3B467-89C3-472B-B6F6-B6BF45A47655}.Release|Any CPU.Build.0 = Release|Any CPU
		{0AF01C06-C667-4644-B917-A90C49A469E5}.Debug|Any CPU.ActiveCfg = Debug|Any CPU
		{0AF01C06-C667-4644-B917-A90C49A469E5}.Debug|Any CPU.Build.0 = Debug|Any CPU
		{0AF01C06-C667-4644-B917-A90C49A469E5}.Release|Any CPU.ActiveCfg = Release|Any CPU
		{0AF01C06-C667-4644-B917-A90C49A469E5}.Release|Any CPU.Build.0 = Release|Any CPU
		{8434367C-446A-4449-BFF7-E7198F2E1FA2}.Debug|Any CPU.ActiveCfg = Debug|Any CPU
		{8434367C-446A-4449-BFF7-E7198F2E1FA2}.Debug|Any CPU.Build.0 = Debug|Any CPU
		{8434367C-446A-4449-BFF7-E7198F2E1FA2}.Release|Any CPU.ActiveCfg = Release|Any CPU
		{8434367C-446A-4449-BFF7-E7198F2E1FA2}.Release|Any CPU.Build.0 = Release|Any CPU
		{7CFC3C44-BDEE-498B-B820-C70BAF8F090C}.Debug|Any CPU.ActiveCfg = Debug|Any CPU
		{7CFC3C44-BDEE-498B-B820-C70BAF8F090C}.Debug|Any CPU.Build.0 = Debug|Any CPU
		{7CFC3C44-BDEE-498B-B820-C70BAF8F090C}.Release|Any CPU.ActiveCfg = Release|Any CPU
		{7CFC3C44-BDEE-498B-B820-C70BAF8F090C}.Release|Any CPU.Build.0 = Release|Any CPU
		{5313D36E-004F-4C5F-822D-4E6A3B1D9C6D}.Debug|Any CPU.ActiveCfg = Debug|Any CPU
		{5313D36E-004F-4C5F-822D-4E6A3B1D9C6D}.Debug|Any CPU.Build.0 = Debug|Any CPU
		{5313D36E-004F-4C5F-822D-4E6A3B1D9C6D}.Release|Any CPU.ActiveCfg = Release|Any CPU
		{5313D36E-004F-4C5F-822D-4E6A3B1D9C6D}.Release|Any CPU.Build.0 = Release|Any CPU
		{7EAA7A89-87C6-417C-AC94-03DAE9AD24C6}.Debug|Any CPU.ActiveCfg = Debug|Any CPU
		{7EAA7A89-87C6-417C-AC94-03DAE9AD24C6}.Debug|Any CPU.Build.0 = Debug|Any CPU
		{7EAA7A89-87C6-417C-AC94-03DAE9AD24C6}.Release|Any CPU.ActiveCfg = Release|Any CPU
		{7EAA7A89-87C6-417C-AC94-03DAE9AD24C6}.Release|Any CPU.Build.0 = Release|Any CPU
		{B3CAACFB-45DE-4ECB-8755-8671496DA959}.Debug|Any CPU.ActiveCfg = Debug|Any CPU
		{B3CAACFB-45DE-4ECB-8755-8671496DA959}.Debug|Any CPU.Build.0 = Debug|Any CPU
		{B3CAACFB-45DE-4ECB-8755-8671496DA959}.Release|Any CPU.ActiveCfg = Release|Any CPU
		{B3CAACFB-45DE-4ECB-8755-8671496DA959}.Release|Any CPU.Build.0 = Release|Any CPU
		{3BA0D67F-FA0A-46D0-9611-5F8D3917359E}.Debug|Any CPU.ActiveCfg = Debug|Any CPU
		{3BA0D67F-FA0A-46D0-9611-5F8D3917359E}.Debug|Any CPU.Build.0 = Debug|Any CPU
		{3BA0D67F-FA0A-46D0-9611-5F8D3917359E}.Release|Any CPU.ActiveCfg = Release|Any CPU
		{3BA0D67F-FA0A-46D0-9611-5F8D3917359E}.Release|Any CPU.Build.0 = Release|Any CPU
		{CFC208A3-9539-4687-884E-5191F955F40D}.Debug|Any CPU.ActiveCfg = Debug|Any CPU
		{CFC208A3-9539-4687-884E-5191F955F40D}.Debug|Any CPU.Build.0 = Debug|Any CPU
		{CFC208A3-9539-4687-884E-5191F955F40D}.Release|Any CPU.ActiveCfg = Release|Any CPU
		{CFC208A3-9539-4687-884E-5191F955F40D}.Release|Any CPU.Build.0 = Release|Any CPU
		{54CA4339-BF1F-449F-8C23-79B919931C33}.Debug|Any CPU.ActiveCfg = Debug|Any CPU
		{54CA4339-BF1F-449F-8C23-79B919931C33}.Debug|Any CPU.Build.0 = Debug|Any CPU
		{54CA4339-BF1F-449F-8C23-79B919931C33}.Release|Any CPU.ActiveCfg = Release|Any CPU
		{54CA4339-BF1F-449F-8C23-79B919931C33}.Release|Any CPU.Build.0 = Release|Any CPU
		{E1C48673-B676-4F29-9ABA-1E28F24CC0C3}.Debug|Any CPU.ActiveCfg = Debug|Any CPU
		{E1C48673-B676-4F29-9ABA-1E28F24CC0C3}.Debug|Any CPU.Build.0 = Debug|Any CPU
		{E1C48673-B676-4F29-9ABA-1E28F24CC0C3}.Release|Any CPU.ActiveCfg = Release|Any CPU
		{E1C48673-B676-4F29-9ABA-1E28F24CC0C3}.Release|Any CPU.Build.0 = Release|Any CPU
		{3B3CAF45-4BE7-4C36-A5B2-53C78F6E1CBD}.Debug|Any CPU.ActiveCfg = Debug|Any CPU
		{3B3CAF45-4BE7-4C36-A5B2-53C78F6E1CBD}.Debug|Any CPU.Build.0 = Debug|Any CPU
		{3B3CAF45-4BE7-4C36-A5B2-53C78F6E1CBD}.Release|Any CPU.ActiveCfg = Release|Any CPU
		{3B3CAF45-4BE7-4C36-A5B2-53C78F6E1CBD}.Release|Any CPU.Build.0 = Release|Any CPU
		{EC84A065-EDFA-41A5-A3A8-3D84E8A07B21}.Debug|Any CPU.ActiveCfg = Debug|Any CPU
		{EC84A065-EDFA-41A5-A3A8-3D84E8A07B21}.Debug|Any CPU.Build.0 = Debug|Any CPU
		{EC84A065-EDFA-41A5-A3A8-3D84E8A07B21}.Release|Any CPU.ActiveCfg = Release|Any CPU
		{EC84A065-EDFA-41A5-A3A8-3D84E8A07B21}.Release|Any CPU.Build.0 = Release|Any CPU
		{5767ED2F-1F94-41E8-A433-DA4B81CBF3BE}.Debug|Any CPU.ActiveCfg = Debug|Any CPU
		{5767ED2F-1F94-41E8-A433-DA4B81CBF3BE}.Debug|Any CPU.Build.0 = Debug|Any CPU
		{5767ED2F-1F94-41E8-A433-DA4B81CBF3BE}.Release|Any CPU.ActiveCfg = Release|Any CPU
		{5767ED2F-1F94-41E8-A433-DA4B81CBF3BE}.Release|Any CPU.Build.0 = Release|Any CPU
		{3873A1B2-8E24-45E0-A8A1-DE6A9E8E2247}.Debug|Any CPU.ActiveCfg = Debug|Any CPU
		{3873A1B2-8E24-45E0-A8A1-DE6A9E8E2247}.Debug|Any CPU.Build.0 = Debug|Any CPU
		{3873A1B2-8E24-45E0-A8A1-DE6A9E8E2247}.Release|Any CPU.ActiveCfg = Release|Any CPU
		{3873A1B2-8E24-45E0-A8A1-DE6A9E8E2247}.Release|Any CPU.Build.0 = Release|Any CPU
		{15350DF8-E374-4F1E-A455-F96AB89493C9}.Debug|Any CPU.ActiveCfg = Debug|Any CPU
		{15350DF8-E374-4F1E-A455-F96AB89493C9}.Debug|Any CPU.Build.0 = Debug|Any CPU
		{15350DF8-E374-4F1E-A455-F96AB89493C9}.Release|Any CPU.ActiveCfg = Release|Any CPU
		{15350DF8-E374-4F1E-A455-F96AB89493C9}.Release|Any CPU.Build.0 = Release|Any CPU
		{34357BEA-A073-48BB-80C5-A2279446FDE3}.Debug|Any CPU.ActiveCfg = Debug|Any CPU
		{34357BEA-A073-48BB-80C5-A2279446FDE3}.Debug|Any CPU.Build.0 = Debug|Any CPU
		{34357BEA-A073-48BB-80C5-A2279446FDE3}.Release|Any CPU.ActiveCfg = Release|Any CPU
		{34357BEA-A073-48BB-80C5-A2279446FDE3}.Release|Any CPU.Build.0 = Release|Any CPU
		{294A5CAD-37FF-4A98-8B21-519954DB6B20}.Debug|Any CPU.ActiveCfg = Debug|Any CPU
		{294A5CAD-37FF-4A98-8B21-519954DB6B20}.Debug|Any CPU.Build.0 = Debug|Any CPU
		{294A5CAD-37FF-4A98-8B21-519954DB6B20}.Release|Any CPU.ActiveCfg = Release|Any CPU
		{294A5CAD-37FF-4A98-8B21-519954DB6B20}.Release|Any CPU.Build.0 = Release|Any CPU
		{CBFCD838-4755-4ECD-8DA2-689DE38347D5}.Debug|Any CPU.ActiveCfg = Debug|Any CPU
		{CBFCD838-4755-4ECD-8DA2-689DE38347D5}.Debug|Any CPU.Build.0 = Debug|Any CPU
		{CBFCD838-4755-4ECD-8DA2-689DE38347D5}.Release|Any CPU.ActiveCfg = Release|Any CPU
		{CBFCD838-4755-4ECD-8DA2-689DE38347D5}.Release|Any CPU.Build.0 = Release|Any CPU
		{8EAFFAC2-B80F-4903-A7E7-2A5E0813CEB2}.Debug|Any CPU.ActiveCfg = Debug|Any CPU
		{8EAFFAC2-B80F-4903-A7E7-2A5E0813CEB2}.Debug|Any CPU.Build.0 = Debug|Any CPU
		{8EAFFAC2-B80F-4903-A7E7-2A5E0813CEB2}.Release|Any CPU.ActiveCfg = Release|Any CPU
		{8EAFFAC2-B80F-4903-A7E7-2A5E0813CEB2}.Release|Any CPU.Build.0 = Release|Any CPU
	EndGlobalSection
	GlobalSection(SolutionProperties) = preSolution
		HideSolutionNode = FALSE
	EndGlobalSection
	GlobalSection(NestedProjects) = preSolution
		{294A5CAD-37FF-4A98-8B21-519954DB6B20} = {4E503EC5-0E04-41D5-944D-6C7FED787EDE}
		{CBFCD838-4755-4ECD-8DA2-689DE38347D5} = {4E503EC5-0E04-41D5-944D-6C7FED787EDE}
		{8EAFFAC2-B80F-4903-A7E7-2A5E0813CEB2} = {4E503EC5-0E04-41D5-944D-6C7FED787EDE}
	EndGlobalSection
	GlobalSection(ExtensibilityGlobals) = postSolution
		SolutionGuid = {743BFA5B-4FD8-4D81-8A25-713B977C644A}
	EndGlobalSection
EndGlobal
